
Microsoft Visual Studio Solution File, Format Version 12.00
# Visual Studio Version 16
VisualStudioVersion = 16.0.31321.278
MinimumVisualStudioVersion = 10.0.40219.1
Project("{FAE04EC0-301F-11D3-BF4B-00C04F79EFBC}") = "Esercizio_2_Calcolatrice", "Esercizio_2_Calcolatrice\Esercizio_2_Calcolatrice.csproj", "{04193BC1-B1C5-4828-ACA6-EEF9961A8EEC}"
EndProject
Global
	GlobalSection(SolutionConfigurationPlatforms) = preSolution
		Debug|Any CPU = Debug|Any CPU
		Release|Any CPU = Release|Any CPU
	EndGlobalSection
	GlobalSection(ProjectConfigurationPlatforms) = postSolution
		{04193BC1-B1C5-4828-ACA6-EEF9961A8EEC}.Debug|Any CPU.ActiveCfg = Debug|Any CPU
		{04193BC1-B1C5-4828-ACA6-EEF9961A8EEC}.Debug|Any CPU.Build.0 = Debug|Any CPU
		{04193BC1-B1C5-4828-ACA6-EEF9961A8EEC}.Release|Any CPU.ActiveCfg = Release|Any CPU
		{04193BC1-B1C5-4828-ACA6-EEF9961A8EEC}.Release|Any CPU.Build.0 = Release|Any CPU
	EndGlobalSection
	GlobalSection(SolutionProperties) = preSolution
		HideSolutionNode = FALSE
	EndGlobalSection
	GlobalSection(ExtensibilityGlobals) = postSolution
		SolutionGuid = {E6A6E6CC-8BAA-4579-A198-FD8D6B64E87F}
	EndGlobalSection
EndGlobal
